
Microsoft Visual Studio Solution File, Format Version 12.00
# Visual Studio Version 16
VisualStudioVersion = 16.0.30523.141
MinimumVisualStudioVersion = 10.0.40219.1
Project("{FAE04EC0-301F-11D3-BF4B-00C04F79EFBC}") = "ConsoleApplication", "ConsoleApplication\ConsoleApplication.csproj", "{C7713A7D-8E6E-4B3E-895E-02CE5F458C5A}"
EndProject
Global
	GlobalSection(SolutionConfigurationPlatforms) = preSolution
		Debug|Any CPU = Debug|Any CPU
		Release|Any CPU = Release|Any CPU
	EndGlobalSection
	GlobalSection(ProjectConfigurationPlatforms) = postSolution
		{C7713A7D-8E6E-4B3E-895E-02CE5F458C5A}.Debug|Any CPU.ActiveCfg = Debug|Any CPU
		{C7713A7D-8E6E-4B3E-895E-02CE5F458C5A}.Debug|Any CPU.Build.0 = Debug|Any CPU
		{C7713A7D-8E6E-4B3E-895E-02CE5F458C5A}.Release|Any CPU.ActiveCfg = Release|Any CPU
		{C7713A7D-8E6E-4B3E-895E-02CE5F458C5A}.Release|Any CPU.Build.0 = Release|Any CPU
	EndGlobalSection
	GlobalSection(SolutionProperties) = preSolution
		HideSolutionNode = FALSE
	EndGlobalSection
	GlobalSection(ExtensibilityGlobals) = postSolution
		SolutionGuid = {96A80043-362D-4650-9344-095559772B72}
	EndGlobalSection
EndGlobal
